{
  "version": 4,
  "terraform_version": "1.7.1",
  "serial": 2,
  "lineage": "43195ca9-25a1-69ed-2e4b-c5fdca9cff54",
  "outputs": {
    "dns_record_id": {
      "value": "69935cddfff637570497af96",
      "type": "string"
    }
  },
  "resources": [
    {
      "mode": "managed",
      "type": "terrifi_dns_record",
      "name": "test",
      "provider": "provider[\"registry.terraform.io/alexklibisz/terrifi\"]",
      "instances": [
        {
          "schema_version": 0,
          "attributes": {
            "enabled": true,
            "id": "69935cddfff637570497af96",
            "name": "test.home",
            "port": null,
            "priority": null,
            "record_type": "A",
            "site": "default",
            "ttl": null,
            "value": "192.168.1.100",
            "weight": null
          },
          "sensitive_attributes": []
        }
      ]
    }
  ],
  "check_results": null
}
